
Microsoft Visual Studio Solution File, Format Version 11.00
# Visual Studio 2010
Project("{8BC9CEB8-8B4A-11D0-8D11-00A0C91BC942}") = "GlobalIllumination", "GlobalIllumination.vcxproj", "{1841F2F8-D3DA-4727-9331-A4FCF04B2650}"
EndProject
Global
	GlobalSection(SolutionConfigurationPlatforms) = preSolution
		Debug DX11|Win32 = Debug DX11|Win32
		Release DX11|Win32 = Release DX11|Win32
	EndGlobalSection
	GlobalSection(ProjectConfigurationPlatforms) = postSolution
		{1841F2F8-D3DA-4727-9331-A4FCF04B2650}.Debug DX11|Win32.ActiveCfg = Debug DX11|Win32
		{1841F2F8-D3DA-4727-9331-A4FCF04B2650}.Debug DX11|Win32.Build.0 = Debug DX11|Win32
		{1841F2F8-D3DA-4727-9331-A4FCF04B2650}.Release DX11|Win32.ActiveCfg = Release DX11|Win32
		{1841F2F8-D3DA-4727-9331-A4FCF04B2650}.Release DX11|Win32.Build.0 = Release DX11|Win32
	EndGlobalSection
	GlobalSection(SolutionProperties) = preSolution
		HideSolutionNode = FALSE
	EndGlobalSection
EndGlobal
